{
  "lockfileVersion": 1,
  "configVersion": 1,
  "workspaces": {
    "": {
      "name": "syncpack-alpha-precommit-bug",
      "devDependencies": {
        "@types/bun": "^1.3.5",
        "syncpack": "14.0.0-alpha.39",
      },
      "peerDependencies": {
        "typescript": "^5",
      },
    },
  },
  "packages": {
    "@types/bun": ["@types/bun@1.3.5", "", { "dependencies": { "bun-types": "1.3.5" } }, "sha512-RnygCqNrd3srIPEWBd5LFeUYG7plCoH2Yw9WaZGyNmdTEei+gWaHqydbaIRkIkcbXwhBT94q78QljxN0Sk838w=="],

    "@types/node": ["@types/node@25.0.3", "", { "dependencies": { "undici-types": "~7.16.0" } }, "sha512-W609buLVRVmeW693xKfzHeIV6nJGGz98uCPfeXI1ELMLXVeKYZ9m15fAMSaUPBHYLGFsVRcMmSCksQOrZV9BYA=="],

    "bun-types": ["bun-types@1.3.5", "", { "dependencies": { "@types/node": "*" } }, "sha512-inmAYe2PFLs0SUbFOWSVD24sg1jFlMPxOjOSSCYqUgn4Hsc3rDc7dFvfVYjFPNHtov6kgUeulV4SxbuIV/stPw=="],

    "syncpack": ["syncpack@14.0.0-alpha.39", "", { "optionalDependencies": { "syncpack-darwin-arm64": "14.0.0-alpha.39", "syncpack-darwin-x64": "14.0.0-alpha.39", "syncpack-linux-arm64": "14.0.0-alpha.39", "syncpack-linux-arm64-musl": "14.0.0-alpha.39", "syncpack-linux-x64": "14.0.0-alpha.39", "syncpack-linux-x64-musl": "14.0.0-alpha.39", "syncpack-windows-arm64": "14.0.0-alpha.39", "syncpack-windows-x64": "14.0.0-alpha.39" }, "bin": { "syncpack": "index.cjs" } }, "sha512-HvnnDIVu8DKOCcueceD0BS5owmHf5m7ZzzkHh6ATITDJry7DZfk1j0tgMKQ0oXIsX6ymBqN6xOtQeaqwiXLxgw=="],

    "syncpack-darwin-arm64": ["syncpack-darwin-arm64@14.0.0-alpha.39", "", { "os": "darwin", "cpu": "arm64" }, "sha512-8rOXooYfg0W2cmC3jQNAjt0gqnJeCn8XD+7f0G7hqqFNoQFVGGxaccY2nmnqeE4hfJAQEcq5Hv/IREfdVRW3sw=="],

    "syncpack-darwin-x64": ["syncpack-darwin-x64@14.0.0-alpha.39", "", { "os": "darwin", "cpu": "x64" }, "sha512-ruX4gsruW09PqHNPFZN21g8IFmgzWcKiIK3cRV0/+rY5+axPf8mny+bSS80YtAWVt5+4T/oNgPITpJfNhaPpMg=="],

    "syncpack-linux-arm64": ["syncpack-linux-arm64@14.0.0-alpha.39", "", { "os": "linux", "cpu": "arm64" }, "sha512-1sJpN9iWIw8yTtWvG5x6GPK+m8Hozn4onwdK2apjJJ9ef2jKu+rBTNn7BI0E8kOfBViPUHqMrfA+9gfAsxOKkg=="],

    "syncpack-linux-arm64-musl": ["syncpack-linux-arm64-musl@14.0.0-alpha.39", "", { "os": "linux", "cpu": "arm64" }, "sha512-+fTOhgASDf8HGuQ5z49AhIzcmJWHdcKPEysiPqMet0cgDrHYUj1MhnQYMut0lSVp8eYt2QHRzHPXrwj9OMw/lg=="],

    "syncpack-linux-x64": ["syncpack-linux-x64@14.0.0-alpha.39", "", { "os": "linux", "cpu": "x64" }, "sha512-6LJ7v5J0c7yN+EnTdDA7gcR1yp2yNFZjwtB6xD02UEeHbGdJPEyBiHqxcBPbBiOG+stCao3MzowY9jltZc50GQ=="],

    "syncpack-linux-x64-musl": ["syncpack-linux-x64-musl@14.0.0-alpha.39", "", { "os": "linux", "cpu": "x64" }, "sha512-5b/osZVaMo1RWGsY7h3BsETk4Lf9NgMBU1Ez5I8lnmkas61pd4IVgqw4joO1MzfXdsDn2tvHvB8xfJ6z6mqqqQ=="],

    "syncpack-windows-arm64": ["syncpack-windows-arm64@14.0.0-alpha.39", "", { "os": "win32", "cpu": "arm64" }, "sha512-AVJf+TbmMF8HGNmKSBwEcLhTUjPfDpWdYZXul6vzQWWHc0f3M8T5/Qdg/R4+Azhqftxv66cnwoxo35io/sb3gg=="],

    "syncpack-windows-x64": ["syncpack-windows-x64@14.0.0-alpha.39", "", { "os": "win32", "cpu": "x64" }, "sha512-M0y3Tg1vTcsTwpy679BSOum8D9YmLTsOP0lV0GXIOHf5jxP4gIpxTxWoUBb0djOp/XbKlHK1c5e1KPLIykr4CA=="],

    "typescript": ["typescript@5.9.3", "", { "bin": { "tsc": "bin/tsc", "tsserver": "bin/tsserver" } }, "sha512-jl1vZzPDinLr9eUt3J/t7V6FgNEw9QjvBPdysz9KfQDD41fQrC2Y4vKQdiaUpFT4bXlb1RHhLpp8wtm6M5TgSw=="],

    "undici-types": ["undici-types@7.16.0", "", {}, "sha512-Zz+aZWSj8LE6zoxD+xrjh4VfkIG8Ya6LvYkZqtUQGJPZjYl53ypCaUwWqo7eI0x66KBGeRo+mlBEkMSeSZ38Nw=="],
  }
}
